
Microsoft Visual Studio Solution File, Format Version 12.00
# Visual Studio Version 17
VisualStudioVersion = 17.5.33209.295
MinimumVisualStudioVersion = 10.0.40219.1
Project("{FAE04EC0-301F-11D3-BF4B-00C04F79EFBC}") = "EBill", "EBill\EBill.csproj", "{B1E2E49B-DF16-4682-A396-6262A143E303}"
EndProject
Global
	GlobalSection(SolutionConfigurationPlatforms) = preSolution
		Debug|Any CPU = Debug|Any CPU
		Release|Any CPU = Release|Any CPU
	EndGlobalSection
	GlobalSection(ProjectConfigurationPlatforms) = postSolution
		{B1E2E49B-DF16-4682-A396-6262A143E303}.Debug|Any CPU.ActiveCfg = Debug|Any CPU
		{B1E2E49B-DF16-4682-A396-6262A143E303}.Debug|Any CPU.Build.0 = Debug|Any CPU
		{B1E2E49B-DF16-4682-A396-6262A143E303}.Release|Any CPU.ActiveCfg = Release|Any CPU
		{B1E2E49B-DF16-4682-A396-6262A143E303}.Release|Any CPU.Build.0 = Release|Any CPU
	EndGlobalSection
	GlobalSection(SolutionProperties) = preSolution
		HideSolutionNode = FALSE
	EndGlobalSection
	GlobalSection(ExtensibilityGlobals) = postSolution
		SolutionGuid = {5733E4AC-D759-4BE2-B35E-F5618873C60E}
	EndGlobalSection
EndGlobal
